#MicroXplorer Configuration settings - do not modify
ADC1.Channel-0\#ChannelRegularConversion=ADC_CHANNEL_11
ADC1.IPParameters=Rank-0\#ChannelRegularConversion,Channel-0\#ChannelRegularConversion,SamplingTime-0\#ChannelRegularConversion,OffsetNumber-0\#ChannelRegularConversion,OffsetSignedSaturation-0\#ChannelRegularConversion,NbrOfConversionFlag,master
ADC1.NbrOfConversionFlag=1
ADC1.OffsetNumber-0\#ChannelRegularConversion=ADC_OFFSET_NONE
ADC1.OffsetSignedSaturation-0\#ChannelRegularConversion=DISABLE
ADC1.Rank-0\#ChannelRegularConversion=1
ADC1.SamplingTime-0\#ChannelRegularConversion=ADC_SAMPLETIME_1CYCLE_5
ADC1.master=1
DAC1.DAC_Channel-DAC_OUT2=DAC_CHANNEL_2
DAC1.IPParameters=DAC_Channel-DAC_OUT2
Dma.Request0=SAI1_A
Dma.Request1=SAI1_B
Dma.Request2=SPI4_TX
Dma.Request3=USART2_RX
Dma.Request4=USART2_TX
Dma.RequestsNb=5
Dma.SAI1_A.0.Direction=DMA_PERIPH_TO_MEMORY
Dma.SAI1_A.0.EventEnable=DISABLE
Dma.SAI1_A.0.FIFOMode=DMA_FIFOMODE_DISABLE
Dma.SAI1_A.0.Instance=DMA2_Stream3
Dma.SAI1_A.0.MemDataAlignment=DMA_MDATAALIGN_WORD
Dma.SAI1_A.0.MemInc=DMA_MINC_ENABLE
Dma.SAI1_A.0.Mode=DMA_CIRCULAR
Dma.SAI1_A.0.PeriphDataAlignment=DMA_PDATAALIGN_WORD
Dma.SAI1_A.0.PeriphInc=DMA_PINC_DISABLE
Dma.SAI1_A.0.Polarity=HAL_DMAMUX_REQ_GEN_RISING
Dma.SAI1_A.0.Priority=DMA_PRIORITY_VERY_HIGH
Dma.SAI1_A.0.RequestNumber=1
Dma.SAI1_A.0.RequestParameters=Instance,Direction,PeriphInc,MemInc,PeriphDataAlignment,MemDataAlignment,Mode,Priority,FIFOMode,SignalID,Polarity,RequestNumber,SyncSignalID,SyncPolarity,SyncEnable,EventEnable,SyncRequestNumber
Dma.SAI1_A.0.SignalID=NONE
Dma.SAI1_A.0.SyncEnable=DISABLE
Dma.SAI1_A.0.SyncPolarity=HAL_DMAMUX_SYNC_NO_EVENT
Dma.SAI1_A.0.SyncRequestNumber=1
Dma.SAI1_A.0.SyncSignalID=NONE
Dma.SAI1_B.1.Direction=DMA_MEMORY_TO_PERIPH
Dma.SAI1_B.1.EventEnable=DISABLE
Dma.SAI1_B.1.FIFOMode=DMA_FIFOMODE_DISABLE
Dma.SAI1_B.1.Instance=DMA2_Stream4
Dma.SAI1_B.1.MemDataAlignment=DMA_MDATAALIGN_WORD
Dma.SAI1_B.1.MemInc=DMA_MINC_ENABLE
Dma.SAI1_B.1.Mode=DMA_CIRCULAR
Dma.SAI1_B.1.PeriphDataAlignment=DMA_PDATAALIGN_WORD
Dma.SAI1_B.1.PeriphInc=DMA_PINC_DISABLE
Dma.SAI1_B.1.Polarity=HAL_DMAMUX_REQ_GEN_RISING
Dma.SAI1_B.1.Priority=DMA_PRIORITY_VERY_HIGH
Dma.SAI1_B.1.RequestNumber=1
Dma.SAI1_B.1.RequestParameters=Instance,Direction,PeriphInc,MemInc,PeriphDataAlignment,MemDataAlignment,Mode,Priority,FIFOMode,SignalID,Polarity,RequestNumber,SyncSignalID,SyncPolarity,SyncEnable,EventEnable,SyncRequestNumber
Dma.SAI1_B.1.SignalID=NONE
Dma.SAI1_B.1.SyncEnable=DISABLE
Dma.SAI1_B.1.SyncPolarity=HAL_DMAMUX_SYNC_NO_EVENT
Dma.SAI1_B.1.SyncRequestNumber=1
Dma.SAI1_B.1.SyncSignalID=NONE
Dma.SPI4_TX.2.Direction=DMA_MEMORY_TO_PERIPH
Dma.SPI4_TX.2.EventEnable=DISABLE
Dma.SPI4_TX.2.FIFOMode=DMA_FIFOMODE_DISABLE
Dma.SPI4_TX.2.Instance=DMA2_Stream1
Dma.SPI4_TX.2.MemDataAlignment=DMA_MDATAALIGN_BYTE
Dma.SPI4_TX.2.MemInc=DMA_MINC_ENABLE
Dma.SPI4_TX.2.Mode=DMA_NORMAL
Dma.SPI4_TX.2.PeriphDataAlignment=DMA_PDATAALIGN_BYTE
Dma.SPI4_TX.2.PeriphInc=DMA_PINC_DISABLE
Dma.SPI4_TX.2.Polarity=HAL_DMAMUX_REQ_GEN_RISING
Dma.SPI4_TX.2.Priority=DMA_PRIORITY_LOW
Dma.SPI4_TX.2.RequestNumber=1
Dma.SPI4_TX.2.RequestParameters=Instance,Direction,PeriphInc,MemInc,PeriphDataAlignment,MemDataAlignment,Mode,Priority,FIFOMode,SignalID,Polarity,RequestNumber,SyncSignalID,SyncPolarity,SyncEnable,EventEnable,SyncRequestNumber
Dma.SPI4_TX.2.SignalID=NONE
Dma.SPI4_TX.2.SyncEnable=DISABLE
Dma.SPI4_TX.2.SyncPolarity=HAL_DMAMUX_SYNC_NO_EVENT
Dma.SPI4_TX.2.SyncRequestNumber=1
Dma.SPI4_TX.2.SyncSignalID=NONE
Dma.USART2_RX.3.Direction=DMA_PERIPH_TO_MEMORY
Dma.USART2_RX.3.EventEnable=DISABLE
Dma.USART2_RX.3.FIFOMode=DMA_FIFOMODE_DISABLE
Dma.USART2_RX.3.Instance=DMA1_Stream5
Dma.USART2_RX.3.MemDataAlignment=DMA_MDATAALIGN_BYTE
Dma.USART2_RX.3.MemInc=DMA_MINC_ENABLE
Dma.USART2_RX.3.Mode=DMA_NORMAL
Dma.USART2_RX.3.PeriphDataAlignment=DMA_PDATAALIGN_BYTE
Dma.USART2_RX.3.PeriphInc=DMA_PINC_DISABLE
Dma.USART2_RX.3.Polarity=HAL_DMAMUX_REQ_GEN_RISING
Dma.USART2_RX.3.Priority=DMA_PRIORITY_LOW
Dma.USART2_RX.3.RequestNumber=1
Dma.USART2_RX.3.RequestParameters=Instance,Direction,PeriphInc,MemInc,PeriphDataAlignment,MemDataAlignment,Mode,Priority,FIFOMode,SignalID,Polarity,RequestNumber,SyncSignalID,SyncPolarity,SyncEnable,EventEnable,SyncRequestNumber
Dma.USART2_RX.3.SignalID=NONE
Dma.USART2_RX.3.SyncEnable=DISABLE
Dma.USART2_RX.3.SyncPolarity=HAL_DMAMUX_SYNC_NO_EVENT
Dma.USART2_RX.3.SyncRequestNumber=1
Dma.USART2_RX.3.SyncSignalID=NONE
Dma.USART2_TX.4.Direction=DMA_MEMORY_TO_PERIPH
Dma.USART2_TX.4.EventEnable=DISABLE
Dma.USART2_TX.4.FIFOMode=DMA_FIFOMODE_DISABLE
Dma.USART2_TX.4.Instance=DMA1_Stream6
Dma.USART2_TX.4.MemDataAlignment=DMA_MDATAALIGN_BYTE
Dma.USART2_TX.4.MemInc=DMA_MINC_ENABLE
Dma.USART2_TX.4.Mode=DMA_NORMAL
Dma.USART2_TX.4.PeriphDataAlignment=DMA_PDATAALIGN_BYTE
Dma.USART2_TX.4.PeriphInc=DMA_PINC_DISABLE
Dma.USART2_TX.4.Polarity=HAL_DMAMUX_REQ_GEN_RISING
Dma.USART2_TX.4.Priority=DMA_PRIORITY_LOW
Dma.USART2_TX.4.RequestNumber=1
Dma.USART2_TX.4.RequestParameters=Instance,Direction,PeriphInc,MemInc,PeriphDataAlignment,MemDataAlignment,Mode,Priority,FIFOMode,SignalID,Polarity,RequestNumber,SyncSignalID,SyncPolarity,SyncEnable,EventEnable,SyncRequestNumber
Dma.USART2_TX.4.SignalID=NONE
Dma.USART2_TX.4.SyncEnable=DISABLE
Dma.USART2_TX.4.SyncPolarity=HAL_DMAMUX_SYNC_NO_EVENT
Dma.USART2_TX.4.SyncRequestNumber=1
Dma.USART2_TX.4.SyncSignalID=NONE
FREERTOS.INCLUDE_uxTaskGetStackHighWaterMark=1
FREERTOS.INCLUDE_vTaskDelayUntil=1
FREERTOS.IPParameters=Tasks01,configUSE_PREEMPTION,configUSE_IDLE_HOOK,configUSE_TICK_HOOK,configUSE_MALLOC_FAILED_HOOK,INCLUDE_vTaskDelayUntil,INCLUDE_uxTaskGetStackHighWaterMark,configTOTAL_HEAP_SIZE,configUSE_MUTEXES
FREERTOS.Tasks01=defaultTask,24,128,StartDefaultTask,Default,NULL
FREERTOS.configTOTAL_HEAP_SIZE=4096
FREERTOS.configUSE_IDLE_HOOK=0
FREERTOS.configUSE_MALLOC_FAILED_HOOK=1
FREERTOS.configUSE_MUTEXES=0
FREERTOS.configUSE_PREEMPTION=0
FREERTOS.configUSE_TICK_HOOK=0
File.Version=6
GPIO.groupedBy=Group By Peripherals
I2C2.IPParameters=Timing
I2C2.Timing=0x00403D5D
KeepUserPlacement=false
Mcu.Family=STM32H7
Mcu.IP0=ADC1
Mcu.IP1=CORTEX_M7
Mcu.IP10=SPI2
Mcu.IP11=SPI3
Mcu.IP12=SPI4
Mcu.IP13=SYS
Mcu.IP14=TIM1
Mcu.IP15=TIM2
Mcu.IP16=TIM3
Mcu.IP17=TIM4
Mcu.IP18=TIM5
Mcu.IP19=TIM8
Mcu.IP2=DAC1
Mcu.IP20=USART2
Mcu.IP21=USART3
Mcu.IP22=USB_OTG_FS
Mcu.IP23=USB_OTG_HS
Mcu.IP3=DEBUG
Mcu.IP4=DMA
Mcu.IP5=FREERTOS
Mcu.IP6=I2C2
Mcu.IP7=NVIC
Mcu.IP8=RCC
Mcu.IP9=SAI1
Mcu.IPNb=24
Mcu.Name=STM32H743VGTx
Mcu.Package=LQFP100
Mcu.Pin0=PE2
Mcu.Pin1=PE3
Mcu.Pin10=PC2_C
Mcu.Pin11=PC3_C
Mcu.Pin12=PA0
Mcu.Pin13=PA1
Mcu.Pin14=PA2
Mcu.Pin15=PA3
Mcu.Pin16=PA4
Mcu.Pin17=PA5
Mcu.Pin18=PA6
Mcu.Pin19=PA7
Mcu.Pin2=PE4
Mcu.Pin20=PC4
Mcu.Pin21=PC5
Mcu.Pin22=PE8
Mcu.Pin23=PE9
Mcu.Pin24=PE10
Mcu.Pin25=PE11
Mcu.Pin26=PE12
Mcu.Pin27=PE13
Mcu.Pin28=PE14
Mcu.Pin29=PB10
Mcu.Pin3=PE5
Mcu.Pin30=PB11
Mcu.Pin31=PB12
Mcu.Pin32=PB13
Mcu.Pin33=PB14
Mcu.Pin34=PB15
Mcu.Pin35=PD8
Mcu.Pin36=PD9
Mcu.Pin37=PD12
Mcu.Pin38=PD13
Mcu.Pin39=PC6
Mcu.Pin4=PE6
Mcu.Pin40=PC7
Mcu.Pin41=PA9
Mcu.Pin42=PA10
Mcu.Pin43=PA11
Mcu.Pin44=PA12
Mcu.Pin45=PA13 (JTMS/SWDIO)
Mcu.Pin46=PA14 (JTCK/SWCLK)
Mcu.Pin47=PA15 (JTDI)
Mcu.Pin48=PC10
Mcu.Pin49=PC11
Mcu.Pin5=PC14-OSC32_IN (OSC32_IN)
Mcu.Pin50=PC12
Mcu.Pin51=PD0
Mcu.Pin52=PD1
Mcu.Pin53=PD2
Mcu.Pin54=PD3
Mcu.Pin55=PD4
Mcu.Pin56=PD5
Mcu.Pin57=PD6
Mcu.Pin58=PD7
Mcu.Pin59=PB3 (JTDO/TRACESWO)
Mcu.Pin6=PH0-OSC_IN (PH0)
Mcu.Pin60=PB4 (NJTRST)
Mcu.Pin61=PB5
Mcu.Pin62=PB6
Mcu.Pin63=PB8
Mcu.Pin64=VP_FREERTOS_VS_CMSIS_V1
Mcu.Pin65=VP_SYS_VS_Systick
Mcu.Pin7=PH1-OSC_OUT (PH1)
Mcu.Pin8=PC0
Mcu.Pin9=PC1
Mcu.PinsNb=66
Mcu.ThirdPartyNb=0
Mcu.UserConstants=
Mcu.UserName=STM32H743VGTx
MxCube.Version=6.1.2
MxDb.Version=DB.6.0.10
NVIC.BusFault_IRQn=true\:0\:0\:false\:false\:false\:false\:false\:false
NVIC.DMA1_Stream5_IRQn=true\:5\:0\:false\:false\:true\:true\:false\:true
NVIC.DMA1_Stream6_IRQn=true\:5\:0\:false\:false\:true\:true\:false\:true
NVIC.DMA2_Stream1_IRQn=true\:5\:0\:false\:false\:true\:true\:false\:true
NVIC.DMA2_Stream3_IRQn=true\:5\:0\:false\:false\:true\:false\:false\:true
NVIC.DMA2_Stream4_IRQn=true\:5\:0\:false\:false\:true\:true\:false\:true
NVIC.DebugMonitor_IRQn=true\:0\:0\:false\:false\:false\:false\:false\:false
NVIC.ForceEnableDMAVector=true
NVIC.HardFault_IRQn=true\:0\:0\:false\:false\:false\:false\:false\:false
NVIC.MemoryManagement_IRQn=true\:0\:0\:false\:false\:false\:false\:false\:false
NVIC.NonMaskableInt_IRQn=true\:0\:0\:false\:false\:false\:false\:false\:false
NVIC.PendSV_IRQn=true\:15\:0\:false\:false\:false\:true\:false\:false
NVIC.PriorityGroup=NVIC_PRIORITYGROUP_4
NVIC.SAI1_IRQn=true\:5\:0\:false\:false\:true\:true\:true\:true
NVIC.SPI4_IRQn=true\:5\:0\:false\:false\:true\:true\:true\:true
NVIC.SVCall_IRQn=true\:0\:0\:false\:false\:false\:false\:false\:false
NVIC.SavedPendsvIrqHandlerGenerated=true
NVIC.SavedSvcallIrqHandlerGenerated=true
NVIC.SavedSystickIrqHandlerGenerated=true
NVIC.SysTick_IRQn=true\:15\:0\:false\:false\:true\:true\:false\:true
NVIC.USART2_IRQn=true\:5\:0\:false\:false\:true\:true\:true\:true
NVIC.UsageFault_IRQn=true\:0\:0\:false\:false\:false\:false\:false\:false
PA0.Locked=true
PA0.Signal=S_TIM5_CH1
PA1.Locked=true
PA1.Signal=S_TIM5_CH2
PA10.GPIOParameters=GPIO_Label
PA10.GPIO_Label=USB_D_ID
PA10.Locked=true
PA10.Mode=OTG/Dual_Role_Device
PA10.Signal=USB_OTG_FS_ID
PA11.GPIOParameters=GPIO_Label
PA11.GPIO_Label=USB_D_DM
PA11.Mode=OTG/Dual_Role_Device
PA11.Signal=USB_OTG_FS_DM
PA12.GPIOParameters=GPIO_Label
PA12.GPIO_Label=USB_D_DP
PA12.Mode=OTG/Dual_Role_Device
PA12.Signal=USB_OTG_FS_DP
PA13\ (JTMS/SWDIO).GPIOParameters=GPIO_Label
PA13\ (JTMS/SWDIO).GPIO_Label=SWDIO
PA13\ (JTMS/SWDIO).Locked=true
PA13\ (JTMS/SWDIO).Mode=Serial_Wire
PA13\ (JTMS/SWDIO).Signal=DEBUG_JTMS-SWDIO
PA14\ (JTCK/SWCLK).GPIOParameters=GPIO_Label
PA14\ (JTCK/SWCLK).GPIO_Label=SWDCLK
PA14\ (JTCK/SWCLK).Mode=Serial_Wire
PA14\ (JTCK/SWCLK).Signal=DEBUG_JTCK-SWCLK
PA15\ (JTDI).GPIOParameters=GPIO_Label
PA15\ (JTDI).GPIO_Label=TIM2_CH1 EXTI15
PA15\ (JTDI).Locked=true
PA15\ (JTDI).Signal=SharedStack_PA15
PA15\ (JTDI).Stacked=true
PA2.GPIOParameters=GPIO_Label
PA2.GPIO_Label=ADC_IN14
PA2.Locked=true
PA2.Signal=ADCx_INP14
PA3.GPIOParameters=GPIO_Label
PA3.GPIO_Label=ADC_IN15
PA3.Locked=true
PA3.Signal=ADCx_INP15
PA4.GPIOParameters=GPIO_Label
PA4.GPIO_Label=DAC1
PA4.Locked=true
PA4.Signal=COMP_DAC11_group
PA5.GPIOParameters=GPIO_Label
PA5.GPIO_Label=DAC2
PA5.Locked=true
PA5.Signal=COMP_DAC12_group
PA6.GPIOParameters=GPIO_Label
PA6.GPIO_Label=ADC_IN3
PA6.Locked=true
PA6.Signal=ADCx_INP3
PA7.GPIOParameters=GPIO_Label
PA7.GPIO_Label=ADC_IN7
PA7.Locked=true
PA7.Signal=ADCx_INP7
PA9.GPIOParameters=GPIO_Label
PA9.GPIO_Label=USB_D_VBUS
PA9.Mode=Activate_VBUS
PA9.Signal=USB_OTG_FS_VBUS
PB10.GPIOParameters=GPIO_Label
PB10.GPIO_Label=I2C_SCL
PB10.Locked=true
PB10.Mode=I2C
PB10.Signal=I2C2_SCL
PB11.GPIOParameters=GPIO_Label
PB11.GPIO_Label=I2C_SDA
PB11.Locked=true
PB11.Mode=I2C
PB11.Signal=I2C2_SDA
PB12.GPIOParameters=GPIO_Label
PB12.GPIO_Label=USB_H_ID
PB12.Locked=true
PB12.Mode=OTG/Dual-Role-Device-FS
PB12.Signal=USB_OTG_HS_ID
PB13.GPIOParameters=GPIO_Label
PB13.GPIO_Label=USB_H_VBUS
PB13.Locked=true
PB13.Mode=Activate_VBUS_FS
PB13.Signal=USB_OTG_HS_VBUS
PB14.GPIOParameters=GPIO_Label
PB14.GPIO_Label=USB_H_DM
PB14.Mode=OTG/Dual-Role-Device-FS
PB14.Signal=USB_OTG_HS_DM
PB15.GPIOParameters=GPIO_Label
PB15.GPIO_Label=USB_H_DP
PB15.Mode=OTG/Dual-Role-Device-FS
PB15.Signal=USB_OTG_HS_DP
PB3\ (JTDO/TRACESWO).GPIOParameters=GPIO_Label
PB3\ (JTDO/TRACESWO).GPIO_Label=TIM2_CH2 EXTI3
PB3\ (JTDO/TRACESWO).Locked=true
PB3\ (JTDO/TRACESWO).Signal=SharedStack_PB3
PB3\ (JTDO/TRACESWO).Stacked=true
PB4\ (NJTRST).Locked=true
PB4\ (NJTRST).Signal=S_TIM3_CH1
PB5.Locked=true
PB5.Signal=S_TIM3_CH2
PB6.GPIOParameters=GPIO_Label
PB6.GPIO_Label=EXTI6
PB6.Locked=true
PB6.Signal=GPXTI6
PB8.GPIOParameters=GPIO_Label
PB8.GPIO_Label=EXTI8
PB8.Locked=true
PB8.Signal=GPXTI8
PC0.GPIOParameters=GPIO_Label
PC0.GPIO_Label=ADC_IN10
PC0.Locked=true
PC0.Signal=ADCx_INP10
PC1.GPIOParameters=GPIO_Label
PC1.GPIO_Label=ADC_IN11
PC1.Locked=true
PC1.Signal=ADCx_INP11
PC10.Locked=true
PC10.Mode=Full_Duplex_Master
PC10.Signal=SPI3_SCK
PC11.Locked=true
PC11.Mode=Full_Duplex_Master
PC11.Signal=SPI3_MISO
PC12.Locked=true
PC12.Mode=Full_Duplex_Master
PC12.Signal=SPI3_MOSI
PC14-OSC32_IN\ (OSC32_IN).GPIOParameters=GPIO_Label
PC14-OSC32_IN\ (OSC32_IN).GPIO_Label=EXTI14
PC14-OSC32_IN\ (OSC32_IN).Locked=true
PC14-OSC32_IN\ (OSC32_IN).Signal=GPXTI14
PC2_C.GPIOParameters=GPIO_Label
PC2_C.GPIO_Label=ADC_SPI_MISO
PC2_C.Locked=true
PC2_C.Mode=Full_Duplex_Master
PC2_C.Signal=SPI2_MISO
PC3_C.GPIOParameters=GPIO_Label
PC3_C.GPIO_Label=ADC_SPI_MOSI
PC3_C.Locked=true
PC3_C.Mode=Full_Duplex_Master
PC3_C.Signal=SPI2_MOSI
PC4.GPIOParameters=GPIO_Label
PC4.GPIO_Label=ADC_IN4
PC4.Locked=true
PC4.Signal=ADCx_INP4
PC5.GPIOParameters=GPIO_Label
PC5.GPIO_Label=ADC_IN8
PC5.Locked=true
PC5.Signal=ADCx_INP8
PC6.Signal=S_TIM8_CH1
PC7.Locked=true
PC7.Signal=S_TIM8_CH2
PD0.GPIOParameters=GPIO_Label
PD0.GPIO_Label=EXTI0
PD0.Locked=true
PD0.Signal=GPXTI0
PD1.GPIOParameters=GPIO_Label
PD1.GPIO_Label=EXTI1
PD1.Locked=true
PD1.Signal=GPXTI1
PD12.Locked=true
PD12.Signal=S_TIM4_CH1
PD13.Locked=true
PD13.Signal=S_TIM4_CH2
PD2.GPIOParameters=GPIO_Label
PD2.GPIO_Label=EXTI2
PD2.Locked=true
PD2.Signal=GPXTI2
PD3.GPIOParameters=GPIO_Label
PD3.GPIO_Label=ADC_SPI_CLK
PD3.Locked=true
PD3.Mode=Full_Duplex_Master
PD3.Signal=SPI2_SCK
PD4.GPIOParameters=GPIO_Label
PD4.GPIO_Label=EXTI4
PD4.Locked=true
PD4.Signal=GPXTI4
PD5.Locked=true
PD5.Mode=Asynchronous
PD5.Signal=USART2_TX
PD6.Locked=true
PD6.Mode=Asynchronous
PD6.Signal=USART2_RX
PD7.GPIOParameters=GPIO_Label
PD7.GPIO_Label=EXTI7
PD7.Locked=true
PD7.Signal=GPXTI7
PD8.Locked=true
PD8.Mode=Asynchronous
PD8.Signal=USART3_TX
PD9.Locked=true
PD9.Mode=Asynchronous
PD9.Signal=USART3_RX
PE10.GPIOParameters=GPIO_Label
PE10.GPIO_Label=ADC_NCS
PE10.Locked=true
PE10.Signal=GPIO_Output
PE11.GPIOParameters=GPIO_Label
PE11.GPIO_Label=EXTI11 TIM1_CH2
PE11.Locked=true
PE11.Signal=SharedStack_PE11
PE11.Stacked=true
PE12.Mode=Full_Duplex_Master
PE12.Signal=SPI4_SCK
PE13.Mode=Full_Duplex_Master
PE13.Signal=SPI4_MISO
PE14.Mode=Full_Duplex_Master
PE14.Signal=SPI4_MOSI
PE2.GPIOParameters=GPIO_Speed,GPIO_Label
PE2.GPIO_Label=SAI_MCLK
PE2.GPIO_Speed=GPIO_SPEED_FREQ_VERY_HIGH
PE2.Mode=SAI_A_MasterWithClock
PE2.Signal=SAI1_MCLK_A
PE3.GPIOParameters=GPIO_Speed,GPIO_Label
PE3.GPIO_Label=SAI_SDO
PE3.GPIO_Speed=GPIO_SPEED_FREQ_VERY_HIGH
PE3.Mode=SAI_B_SyncSlave
PE3.Signal=SAI1_SD_B
PE4.GPIOParameters=GPIO_Speed,GPIO_Label
PE4.GPIO_Label=SAI_LRCK
PE4.GPIO_Speed=GPIO_SPEED_FREQ_VERY_HIGH
PE4.Mode=SAI_A_MasterWithClock
PE4.Signal=SAI1_FS_A
PE5.GPIOParameters=GPIO_Speed,GPIO_Label
PE5.GPIO_Label=SAI_BCK
PE5.GPIO_Speed=GPIO_SPEED_FREQ_VERY_HIGH
PE5.Mode=SAI_A_MasterWithClock
PE5.Signal=SAI1_SCK_A
PE6.GPIOParameters=GPIO_Speed,GPIO_Label
PE6.GPIO_Label=SAI_SDI
PE6.GPIO_Speed=GPIO_SPEED_FREQ_VERY_HIGH
PE6.Mode=SAI_A_MasterWithClock
PE6.Signal=SAI1_SD_A
PE8.GPIOParameters=GPIO_Label
PE8.GPIO_Label=ADC_RESET
PE8.Locked=true
PE8.Signal=GPIO_Output
PE9.GPIOParameters=GPIO_Label
PE9.GPIO_Label=TIM1_CH1 EXTI9
PE9.Locked=true
PE9.Signal=SharedStack_PE9
PE9.Stacked=true
PH0-OSC_IN\ (PH0).GPIOParameters=GPIO_Label
PH0-OSC_IN\ (PH0).GPIO_Label=OSC_IN
PH0-OSC_IN\ (PH0).Mode=HSE-External-Oscillator
PH0-OSC_IN\ (PH0).Signal=RCC_OSC_IN
PH1-OSC_OUT\ (PH1).GPIOParameters=GPIO_Label
PH1-OSC_OUT\ (PH1).GPIO_Label=OSC_OUT
PH1-OSC_OUT\ (PH1).Mode=HSE-External-Oscillator
PH1-OSC_OUT\ (PH1).Signal=RCC_OSC_OUT
PinOutPanel.RotationAngle=0
ProjectManager.AskForMigrate=true
ProjectManager.BackupPrevious=false
ProjectManager.CompilerOptimize=6
ProjectManager.ComputerToolchain=false
ProjectManager.CoupleFile=false
ProjectManager.CustomerFirmwarePackage=
ProjectManager.DefaultFWLocation=true
ProjectManager.DeletePrevious=true
ProjectManager.DeviceId=STM32H743VGTx
ProjectManager.FirmwarePackage=STM32Cube FW_H7 V1.8.0
ProjectManager.FreePins=true
ProjectManager.HalAssertFull=true
ProjectManager.HeapSize=0x200
ProjectManager.KeepUserCode=true
ProjectManager.LastFirmware=true
ProjectManager.LibraryCopy=0
ProjectManager.MainLocation=Src
ProjectManager.NoMain=false
ProjectManager.PreviousToolchain=
ProjectManager.ProjectBuild=false
ProjectManager.ProjectFileName=Noctua2.ioc
ProjectManager.ProjectName=Noctua2
ProjectManager.RegisterCallBack=
ProjectManager.StackSize=0x400
ProjectManager.TargetToolchain=Makefile
ProjectManager.ToolChainLocation=
ProjectManager.UnderRoot=false
ProjectManager.functionlistsort=1-MX_GPIO_Init-GPIO-false-HAL-true,2-MX_DMA_Init-DMA-false-HAL-true,3-SystemClock_Config-RCC-false-HAL-false,4-MX_SAI1_Init-SAI1-false-HAL-true,5-MX_SPI2_Init-SPI2-false-HAL-true,6-MX_USB_DEVICE_Init-USB_DEVICE-false-HAL-false,7-MX_SPI4_Init-SPI4-false-HAL-true,8-MX_TIM8_Init-TIM8-false-HAL-true,9-MX_USART2_UART_Init-USART2-false-HAL-true,10-MX_USB_HOST_Init-USB_HOST-false-HAL-false,11-MX_ADC1_Init-ADC1-false-HAL-true,12-MX_SPI3_Init-SPI3-false-HAL-true,0-MX_CORTEX_M7_Init-CORTEX_M7-false-HAL-true
RCC.48MHZClocksFreq_Value=48000000
RCC.ADCFreq_Value=16125000
RCC.AHB12Freq_Value=16125000
RCC.AHB4Freq_Value=16125000
RCC.AHBFreq_Value=168000000
RCC.APB1CLKDivider=RCC_HCLK_DIV4
RCC.APB1Freq_Value=16125000
RCC.APB1TimFreq_Value=84000000
RCC.APB2CLKDivider=RCC_HCLK_DIV2
RCC.APB2Freq_Value=16125000
RCC.APB2TimFreq_Value=168000000
RCC.APB3Freq_Value=16125000
RCC.APB4Freq_Value=16125000
RCC.AXIClockFreq_Value=16125000
RCC.CECFreq_Value=32000
RCC.CKPERFreq_Value=16000000
RCC.CortexFreq_Value=16125000
RCC.CpuClockFreq_Value=16125000
RCC.D1CPREFreq_Value=16125000
RCC.DFSDMACLkFreq_Value=16125000
RCC.DFSDMFreq_Value=16125000
RCC.DIVP1Freq_Value=16125000
RCC.DIVP2Freq_Value=16125000
RCC.DIVP3Freq_Value=16125000
RCC.DIVQ1Freq_Value=16125000
RCC.DIVQ2Freq_Value=16125000
RCC.DIVQ3Freq_Value=16125000
RCC.DIVR1Freq_Value=16125000
RCC.DIVR2Freq_Value=16125000
RCC.DIVR3Freq_Value=16125000
RCC.EthernetFreq_Value=168000000
RCC.FCLKCortexFreq_Value=168000000
RCC.FDCANFreq_Value=16125000
RCC.FMCFreq_Value=16125000
RCC.FamilyName=M
RCC.HCLK3ClockFreq_Value=16125000
RCC.HCLKFreq_Value=16125000
RCC.HRTIMFreq_Value=16125000
RCC.HSE_VALUE=8000000
RCC.HSI_VALUE=16000000
RCC.I2C123Freq_Value=16125000
RCC.I2C4Freq_Value=16125000
RCC.I2SClocksFreq_Value=96000000
RCC.IPParameters=48MHZClocksFreq_Value,ADCFreq_Value,AHB12Freq_Value,AHB4Freq_Value,AHBFreq_Value,APB1CLKDivider,APB1Freq_Value,APB1TimFreq_Value,APB2CLKDivider,APB2Freq_Value,APB2TimFreq_Value,APB3Freq_Value,APB4Freq_Value,AXIClockFreq_Value,CECFreq_Value,CKPERFreq_Value,CortexFreq_Value,CpuClockFreq_Value,D1CPREFreq_Value,DFSDMACLkFreq_Value,DFSDMFreq_Value,DIVP1Freq_Value,DIVP2Freq_Value,DIVP3Freq_Value,DIVQ1Freq_Value,DIVQ2Freq_Value,DIVQ3Freq_Value,DIVR1Freq_Value,DIVR2Freq_Value,DIVR3Freq_Value,EthernetFreq_Value,FCLKCortexFreq_Value,FDCANFreq_Value,FMCFreq_Value,FamilyName,HCLK3ClockFreq_Value,HCLKFreq_Value,HRTIMFreq_Value,HSE_VALUE,HSI_VALUE,I2C123Freq_Value,I2C4Freq_Value,I2SClocksFreq_Value,LPTIM1Freq_Value,LPTIM2Freq_Value,LPTIM345Freq_Value,LPUART1Freq_Value,LSE_VALUE,LSI_VALUE,LTDCFreq_Value,MCO1PinFreq_Value,MCO2PinFreq_Value,PLLCLKFreq_Value,PLLM,PLLN,PLLQ,PLLQCLKFreq_Value,PLLSAIN,PLLSAIQ,QSPIFreq_Value,RNGFreq_Value,RTCFreq_Value,RTCHSEDivFreq_Value,SAI1Freq_Value,SAI23Freq_Value,SAI4AFreq_Value,SAI4BFreq_Value,SAI_AClocksFreq_Value,SAI_BClocksFreq_Value,SDMMCFreq_Value,SPDIFRXFreq_Value,SPI123Freq_Value,SPI45Freq_Value,SPI6Freq_Value,SWPMI1Freq_Value,SYSCLKFreq_VALUE,SYSCLKSource,Tim1OutputFreq_Value,Tim2OutputFreq_Value,TraceFreq_Value,USART16Freq_Value,USART234578Freq_Value,USBFreq_Value,VCO1OutputFreq_Value,VCO2OutputFreq_Value,VCO3OutputFreq_Value,VCOI2SOutputFreq_Value,VCOInput1Freq_Value,VCOInput2Freq_Value,VCOInput3Freq_Value,VCOInputFreq_Value,VCOOutputFreq_Value,VCOSAIOutputFreq_Value,VCOSAIOutputFreq_ValueQ,VcooutputI2S,VcooutputI2SQ
RCC.LPTIM1Freq_Value=16125000
RCC.LPTIM2Freq_Value=16125000
RCC.LPTIM345Freq_Value=16125000
RCC.LPUART1Freq_Value=16125000
RCC.LSE_VALUE=32768
RCC.LSI_VALUE=32000
RCC.LTDCFreq_Value=16125000
RCC.MCO1PinFreq_Value=16000000
RCC.MCO2PinFreq_Value=16125000
RCC.PLLCLKFreq_Value=168000000
RCC.PLLM=8
RCC.PLLN=336
RCC.PLLQ=7
RCC.PLLQCLKFreq_Value=48000000
RCC.PLLSAIN=344
RCC.PLLSAIQ=7
RCC.QSPIFreq_Value=16125000
RCC.RNGFreq_Value=48000000
RCC.RTCFreq_Value=32000
RCC.RTCHSEDivFreq_Value=4000000
RCC.SAI1Freq_Value=16125000
RCC.SAI23Freq_Value=16125000
RCC.SAI4AFreq_Value=16125000
RCC.SAI4BFreq_Value=16125000
RCC.SAI_AClocksFreq_Value=49142857.14285714
RCC.SAI_BClocksFreq_Value=49142857.14285714
RCC.SDMMCFreq_Value=16125000
RCC.SPDIFRXFreq_Value=16125000
RCC.SPI123Freq_Value=16125000
RCC.SPI45Freq_Value=16125000
RCC.SPI6Freq_Value=16125000
RCC.SWPMI1Freq_Value=16125000
RCC.SYSCLKFreq_VALUE=16125000
RCC.SYSCLKSource=RCC_SYSCLKSOURCE_PLLCLK
RCC.Tim1OutputFreq_Value=16125000
RCC.Tim2OutputFreq_Value=16125000
RCC.TraceFreq_Value=16125000
RCC.USART16Freq_Value=16125000
RCC.USART234578Freq_Value=16125000
RCC.USBFreq_Value=16125000
RCC.VCO1OutputFreq_Value=32250000
RCC.VCO2OutputFreq_Value=32250000
RCC.VCO3OutputFreq_Value=32250000
RCC.VCOI2SOutputFreq_Value=192000000
RCC.VCOInput1Freq_Value=250000
RCC.VCOInput2Freq_Value=250000
RCC.VCOInput3Freq_Value=250000
RCC.VCOInputFreq_Value=1000000
RCC.VCOOutputFreq_Value=336000000
RCC.VCOSAIOutputFreq_Value=344000000
RCC.VCOSAIOutputFreq_ValueQ=49142857.14285714
RCC.VcooutputI2S=96000000
RCC.VcooutputI2SQ=96000000
SAI1.ActiveFrameLength-SAI_A_MasterWithClock=128
SAI1.ActiveFrameLength-SAI_B_SyncSlave=128
SAI1.AudioFrequency-SAI_A_MasterWithClock=SAI_AUDIO_FREQUENCY_48K
SAI1.AudioMode-SAI_A_MasterWithClock=SAI_MODEMASTER_RX
SAI1.AudioMode-SAI_B_SyncSlave=SAI_MODESLAVE_TX
SAI1.ClockSource-SAI_A_MasterWithClock=SAI_CLKSOURCE_PLLSAI
SAI1.ClockStrobing-SAI_A_MasterWithClock=SAI_CLOCKSTROBING_RISINGEDGE
SAI1.ErrorAudioFreq=-0.01 %
SAI1.ErrorAudioFreq-SAI_A_MasterWithClock=31.22 %
SAI1.FSDefinition-SAI_A_MasterWithClock=SAI_FS_CHANNEL_IDENTIFICATION
SAI1.FSDefinition-SAI_B_SyncSlave=SAI_FS_CHANNEL_IDENTIFICATION
SAI1.FSOffset-SAI_A_MasterWithClock=SAI_FS_BEFOREFIRSTBIT
SAI1.FSOffset-SAI_B_SyncSlave=SAI_FS_BEFOREFIRSTBIT
SAI1.FSPolarity-SAI_A_MasterWithClock=SAI_FS_ACTIVE_HIGH
SAI1.FSPolarity-SAI_B_SyncSlave=SAI_FS_ACTIVE_HIGH
SAI1.FrameLength-SAI_A_MasterWithClock=256
SAI1.FrameLength-SAI_B_SyncSlave=256
SAI1.IPParameters=Instance-SAI_A_MasterWithClock,VirtualMode-SAI_A_MasterWithClock,Synchro-SAI_A_MasterWithClock,MClockEnable,RealAudioFreq,ErrorAudioFreq,Instance-SAI_B_SyncSlave,VirtualMode-SAI_B_SyncSlave,Synchro-SAI_B_SyncSlave,OutputDrive-SAI_A_MasterWithClock,FrameLength-SAI_B_SyncSlave,SlotNumber-SAI_A_MasterWithClock,FrameLength-SAI_A_MasterWithClock,SlotSize-SAI_A_MasterWithClock,SlotSize-SAI_B_SyncSlave,SlotNumber-SAI_B_SyncSlave,NoDivider-SAI_A_MasterWithClock,ClockSource-SAI_A_MasterWithClock,VirtualSlotActive-SAI_A_MasterWithClock,SlotActive-SAI_A_MasterWithClock,AudioMode-SAI_A_MasterWithClock,AudioMode-SAI_B_SyncSlave,VirtualSlotActive-SAI_B_SyncSlave,SlotActive-SAI_B_SyncSlave,OutputDrive-SAI_B_SyncSlave,AudioFrequency-SAI_A_MasterWithClock,FSDefinition-SAI_A_MasterWithClock,FSDefinition-SAI_B_SyncSlave,ActiveFrameLength-SAI_A_MasterWithClock,ActiveFrameLength-SAI_B_SyncSlave,Synchro_A,Synchro_B,FSPolarity-SAI_A_MasterWithClock,FSPolarity-SAI_B_SyncSlave,FSOffset-SAI_A_MasterWithClock,FSOffset-SAI_B_SyncSlave,ClockStrobing-SAI_A_MasterWithClock,RealAudioFreq-SAI_A_MasterWithClock,ErrorAudioFreq-SAI_A_MasterWithClock
SAI1.Instance-SAI_A_MasterWithClock=SAI$Index_Block_A
SAI1.Instance-SAI_B_SyncSlave=SAI$Index_Block_B
SAI1.MClockEnable=SAI_MASTERCLOCK_ENABLE
SAI1.NoDivider-SAI_A_MasterWithClock=SAI_MASTERDIVIDER_ENABLE
SAI1.OutputDrive-SAI_A_MasterWithClock=SAI_OUTPUTDRIVE_ENABLE
SAI1.OutputDrive-SAI_B_SyncSlave=SAI_OUTPUTDRIVE_ENABLE
SAI1.RealAudioFreq=47.991 KHz
SAI1.RealAudioFreq-SAI_A_MasterWithClock=62.988 KHz
SAI1.SlotActive-SAI_A_MasterWithClock=0x0000FFFF
SAI1.SlotActive-SAI_B_SyncSlave=0x0000FFFF
SAI1.SlotNumber-SAI_A_MasterWithClock=8
SAI1.SlotNumber-SAI_B_SyncSlave=8
SAI1.SlotSize-SAI_A_MasterWithClock=SAI_SLOTSIZE_32B
SAI1.SlotSize-SAI_B_SyncSlave=SAI_SLOTSIZE_32B
SAI1.Synchro-SAI_A_MasterWithClock=SAI_ASYNCHRONOUS
SAI1.Synchro-SAI_B_SyncSlave=SAI_SYNCHRONOUS
SAI1.Synchro_A=SAI_ASYNCHRONOUS
SAI1.Synchro_B=SAI_SYNCHRONOUS
SAI1.VirtualMode-SAI_A_MasterWithClock=VM_MASTER
SAI1.VirtualMode-SAI_B_SyncSlave=VM_SLAVE
SAI1.VirtualSlotActive-SAI_A_MasterWithClock=SAI_SLOTACTIVE_ALL
SAI1.VirtualSlotActive-SAI_B_SyncSlave=SAI_SLOTACTIVE_ALL
SH.ADCx_INP10.0=ADC1_INP10,IN10-Single-Ended
SH.ADCx_INP10.ConfNb=1
SH.ADCx_INP11.0=ADC1_INP11,IN11-Single-Ended
SH.ADCx_INP11.ConfNb=1
SH.ADCx_INP14.0=ADC1_INP14,IN14-Single-Ended
SH.ADCx_INP14.ConfNb=1
SH.ADCx_INP15.0=ADC1_INP15,IN15-Single-Ended
SH.ADCx_INP15.ConfNb=1
SH.ADCx_INP3.0=ADC1_INP3,IN3-Single-Ended
SH.ADCx_INP3.ConfNb=1
SH.ADCx_INP4.0=ADC1_INP4,IN4-Single-Ended
SH.ADCx_INP4.ConfNb=1
SH.ADCx_INP7.0=ADC1_INP7,IN7-Single-Ended
SH.ADCx_INP7.ConfNb=1
SH.ADCx_INP8.0=ADC1_INP8,IN8-Single-Ended
SH.ADCx_INP8.ConfNb=1
SH.COMP_DAC11_group.0=DAC1_OUT1,DAC_OUT1
SH.COMP_DAC11_group.ConfNb=1
SH.COMP_DAC12_group.0=DAC1_OUT2,DAC_OUT2
SH.COMP_DAC12_group.ConfNb=1
SH.GPXTI0.0=GPIO_EXTI0
SH.GPXTI0.ConfNb=1
SH.GPXTI1.0=GPIO_EXTI1
SH.GPXTI1.ConfNb=1
SH.GPXTI14.0=GPIO_EXTI14
SH.GPXTI14.ConfNb=1
SH.GPXTI2.0=GPIO_EXTI2
SH.GPXTI2.ConfNb=1
SH.GPXTI4.0=GPIO_EXTI4
SH.GPXTI4.ConfNb=1
SH.GPXTI6.0=GPIO_EXTI6
SH.GPXTI6.ConfNb=1
SH.GPXTI7.0=GPIO_EXTI7
SH.GPXTI7.ConfNb=1
SH.GPXTI8.0=GPIO_EXTI8
SH.GPXTI8.ConfNb=1
SH.S_TIM3_CH1.0=TIM3_CH1,Encoder_Interface
SH.S_TIM3_CH1.ConfNb=1
SH.S_TIM3_CH2.0=TIM3_CH2,Encoder_Interface
SH.S_TIM3_CH2.ConfNb=1
SH.S_TIM4_CH1.0=TIM4_CH1,Encoder_Interface
SH.S_TIM4_CH1.ConfNb=1
SH.S_TIM4_CH2.0=TIM4_CH2,Encoder_Interface
SH.S_TIM4_CH2.ConfNb=1
SH.S_TIM5_CH1.0=TIM5_CH1,Encoder_Interface
SH.S_TIM5_CH1.ConfNb=1
SH.S_TIM5_CH2.0=TIM5_CH2,Encoder_Interface
SH.S_TIM5_CH2.ConfNb=1
SH.S_TIM8_CH1.0=TIM8_CH1,Encoder_Interface
SH.S_TIM8_CH1.ConfNb=1
SH.S_TIM8_CH2.0=TIM8_CH2,Encoder_Interface
SH.S_TIM8_CH2.ConfNb=1
SH.SharedStack_PA15.0=TIM2_CH1,Encoder_Interface
SH.SharedStack_PA15.1=GPIO_EXTI15+0
SH.SharedStack_PA15.ConfNb=2
SH.SharedStack_PB3.0=TIM2_CH2,Encoder_Interface
SH.SharedStack_PB3.1=GPIO_EXTI3+0
SH.SharedStack_PB3.ConfNb=2
SH.SharedStack_PE11.0=TIM1_CH2,Encoder_Interface
SH.SharedStack_PE11.1=GPIO_EXTI11+0
SH.SharedStack_PE11.ConfNb=2
SH.SharedStack_PE9.0=TIM1_CH1,Encoder_Interface
SH.SharedStack_PE9.1=GPIO_EXTI9+0
SH.SharedStack_PE9.ConfNb=2
SPI2.BaudRatePrescaler=SPI_BAUDRATEPRESCALER_256
SPI2.CLKPhase=SPI_PHASE_2EDGE
SPI2.CLKPolarity=SPI_POLARITY_HIGH
SPI2.CalculateBaudRate=62.988 KBits/s
SPI2.Direction=SPI_DIRECTION_2LINES
SPI2.IPParameters=VirtualType,Mode,Direction,CalculateBaudRate,BaudRatePrescaler,CLKPolarity,CLKPhase
SPI2.Mode=SPI_MODE_MASTER
SPI2.VirtualType=VM_MASTER
SPI3.CalculateBaudRate=8.0625 MBits/s
SPI3.Direction=SPI_DIRECTION_2LINES
SPI3.IPParameters=VirtualType,Mode,Direction,CalculateBaudRate
SPI3.Mode=SPI_MODE_MASTER
SPI3.VirtualType=VM_MASTER
SPI4.BaudRatePrescaler=SPI_BAUDRATEPRESCALER_32
SPI4.CalculateBaudRate=503.906 KBits/s
SPI4.Direction=SPI_DIRECTION_2LINES
SPI4.IPParameters=VirtualType,Mode,Direction,CalculateBaudRate,BaudRatePrescaler
SPI4.Mode=SPI_MODE_MASTER
SPI4.VirtualType=VM_MASTER
TIM8.IPParametersWithoutCheck=Pulse-PWM Generation1 CH1,Period
USART2.BaudRate=31250
USART2.IPParameters=VirtualMode,BaudRate,VirtualMode-Asynchronous
USART2.VirtualMode=VM_ASYNC
USART2.VirtualMode-Asynchronous=VM_ASYNC
USART3.IPParameters=VirtualMode-Asynchronous
USART3.VirtualMode-Asynchronous=VM_ASYNC
VP_FREERTOS_VS_CMSIS_V1.Mode=CMSIS_V1
VP_FREERTOS_VS_CMSIS_V1.Signal=FREERTOS_VS_CMSIS_V1
VP_SYS_VS_Systick.Mode=SysTick
VP_SYS_VS_Systick.Signal=SYS_VS_Systick
board=custom
